
Microsoft Visual Studio Solution File, Format Version 12.00
# Visual Studio 15
VisualStudioVersion = 15.0.28307.329
MinimumVisualStudioVersion = 10.0.40219.1
Project("{FAE04EC0-301F-11D3-BF4B-00C04F79EFBC}") = "Task3", "Task3\Task3.csproj", "{804A980E-75E0-4940-836F-09BA82AF97A5}"
EndProject
Global
	GlobalSection(SolutionConfigurationPlatforms) = preSolution
		Debug|Any CPU = Debug|Any CPU
		Release|Any CPU = Release|Any CPU
	EndGlobalSection
	GlobalSection(ProjectConfigurationPlatforms) = postSolution
		{804A980E-75E0-4940-836F-09BA82AF97A5}.Debug|Any CPU.ActiveCfg = Debug|Any CPU
		{804A980E-75E0-4940-836F-09BA82AF97A5}.Debug|Any CPU.Build.0 = Debug|Any CPU
		{804A980E-75E0-4940-836F-09BA82AF97A5}.Release|Any CPU.ActiveCfg = Release|Any CPU
		{804A980E-75E0-4940-836F-09BA82AF97A5}.Release|Any CPU.Build.0 = Release|Any CPU
	EndGlobalSection
	GlobalSection(SolutionProperties) = preSolution
		HideSolutionNode = FALSE
	EndGlobalSection
	GlobalSection(ExtensibilityGlobals) = postSolution
		SolutionGuid = {3A9F435C-AA0F-44F0-B3A5-1F594E4BAC61}
	EndGlobalSection
EndGlobal
