
Microsoft Visual Studio Solution File, Format Version 12.00
# Visual Studio 15
VisualStudioVersion = 15.0.28307.329
MinimumVisualStudioVersion = 10.0.40219.1
Project("{FAE04EC0-301F-11D3-BF4B-00C04F79EFBC}") = "Task1", "Task1\Task1.csproj", "{74CA0A17-6B03-4C42-8936-93C47E594DC3}"
EndProject
Project("{FAE04EC0-301F-11D3-BF4B-00C04F79EFBC}") = "Task2", "Task2\Task2.csproj", "{E6D6E666-1950-46DD-8190-90BE8F532F89}"
EndProject
Project("{FAE04EC0-301F-11D3-BF4B-00C04F79EFBC}") = "Task3", "Task3\Task3.csproj", "{F2E5F62C-8779-4608-9207-15C0286025AF}"
EndProject
Project("{FAE04EC0-301F-11D3-BF4B-00C04F79EFBC}") = "Task4", "Task4\Task4.csproj", "{9F013BC6-C586-4AEA-8AC3-ACD6BC363D17}"
EndProject
Global
	GlobalSection(SolutionConfigurationPlatforms) = preSolution
		Debug|Any CPU = Debug|Any CPU
		Release|Any CPU = Release|Any CPU
	EndGlobalSection
	GlobalSection(ProjectConfigurationPlatforms) = postSolution
		{74CA0A17-6B03-4C42-8936-93C47E594DC3}.Debug|Any CPU.ActiveCfg = Debug|Any CPU
		{74CA0A17-6B03-4C42-8936-93C47E594DC3}.Debug|Any CPU.Build.0 = Debug|Any CPU
		{74CA0A17-6B03-4C42-8936-93C47E594DC3}.Release|Any CPU.ActiveCfg = Release|Any CPU
		{74CA0A17-6B03-4C42-8936-93C47E594DC3}.Release|Any CPU.Build.0 = Release|Any CPU
		{E6D6E666-1950-46DD-8190-90BE8F532F89}.Debug|Any CPU.ActiveCfg = Debug|Any CPU
		{E6D6E666-1950-46DD-8190-90BE8F532F89}.Debug|Any CPU.Build.0 = Debug|Any CPU
		{E6D6E666-1950-46DD-8190-90BE8F532F89}.Release|Any CPU.ActiveCfg = Release|Any CPU
		{E6D6E666-1950-46DD-8190-90BE8F532F89}.Release|Any CPU.Build.0 = Release|Any CPU
		{F2E5F62C-8779-4608-9207-15C0286025AF}.Debug|Any CPU.ActiveCfg = Debug|Any CPU
		{F2E5F62C-8779-4608-9207-15C0286025AF}.Debug|Any CPU.Build.0 = Debug|Any CPU
		{F2E5F62C-8779-4608-9207-15C0286025AF}.Release|Any CPU.ActiveCfg = Release|Any CPU
		{F2E5F62C-8779-4608-9207-15C0286025AF}.Release|Any CPU.Build.0 = Release|Any CPU
		{9F013BC6-C586-4AEA-8AC3-ACD6BC363D17}.Debug|Any CPU.ActiveCfg = Debug|Any CPU
		{9F013BC6-C586-4AEA-8AC3-ACD6BC363D17}.Debug|Any CPU.Build.0 = Debug|Any CPU
		{9F013BC6-C586-4AEA-8AC3-ACD6BC363D17}.Release|Any CPU.ActiveCfg = Release|Any CPU
		{9F013BC6-C586-4AEA-8AC3-ACD6BC363D17}.Release|Any CPU.Build.0 = Release|Any CPU
	EndGlobalSection
	GlobalSection(SolutionProperties) = preSolution
		HideSolutionNode = FALSE
	EndGlobalSection
	GlobalSection(ExtensibilityGlobals) = postSolution
		SolutionGuid = {46B41CF5-144B-49A5-8C31-B8337EDD3D78}
	EndGlobalSection
EndGlobal
