
Microsoft Visual Studio Solution File, Format Version 12.00
# Visual Studio 15
VisualStudioVersion = 15.0.28307.329
MinimumVisualStudioVersion = 10.0.40219.1
Project("{FAE04EC0-301F-11D3-BF4B-00C04F79EFBC}") = "Task2", "Task2\Task2.csproj", "{3A377C54-FDA7-4FE2-BA66-062B0FEEBBCC}"
EndProject
Global
	GlobalSection(SolutionConfigurationPlatforms) = preSolution
		Debug|Any CPU = Debug|Any CPU
		Release|Any CPU = Release|Any CPU
	EndGlobalSection
	GlobalSection(ProjectConfigurationPlatforms) = postSolution
		{3A377C54-FDA7-4FE2-BA66-062B0FEEBBCC}.Debug|Any CPU.ActiveCfg = Debug|Any CPU
		{3A377C54-FDA7-4FE2-BA66-062B0FEEBBCC}.Debug|Any CPU.Build.0 = Debug|Any CPU
		{3A377C54-FDA7-4FE2-BA66-062B0FEEBBCC}.Release|Any CPU.ActiveCfg = Release|Any CPU
		{3A377C54-FDA7-4FE2-BA66-062B0FEEBBCC}.Release|Any CPU.Build.0 = Release|Any CPU
	EndGlobalSection
	GlobalSection(SolutionProperties) = preSolution
		HideSolutionNode = FALSE
	EndGlobalSection
	GlobalSection(ExtensibilityGlobals) = postSolution
		SolutionGuid = {5345CE30-2397-4C2C-8A3C-266783105268}
	EndGlobalSection
EndGlobal
